
Microsoft Visual Studio Solution File, Format Version 12.00
# Visual Studio Version 16
VisualStudioVersion = 16.0.31911.196
MinimumVisualStudioVersion = 10.0.40219.1
Project("{FAE04EC0-301F-11D3-BF4B-00C04F79EFBC}") = "ImageApp", "ImageApp\ImageApp.csproj", "{D05EB9BA-4135-401F-97BA-0CE26471A10A}"
EndProject
Project("{FAE04EC0-301F-11D3-BF4B-00C04F79EFBC}") = "GUI", "GUI\GUI.csproj", "{1FBB555B-C9AE-4091-ABB9-B5182FAC28F2}"
EndProject
Project("{FAE04EC0-301F-11D3-BF4B-00C04F79EFBC}") = "SERVER", "SERVER\SERVER.csproj", "{DFF9AB01-4BEE-4CA1-826C-CC822FCC9BDD}"
EndProject
Global
	GlobalSection(SolutionConfigurationPlatforms) = preSolution
		Debug|Any CPU = Debug|Any CPU
		Release|Any CPU = Release|Any CPU
	EndGlobalSection
	GlobalSection(ProjectConfigurationPlatforms) = postSolution
		{D05EB9BA-4135-401F-97BA-0CE26471A10A}.Debug|Any CPU.ActiveCfg = Debug|Any CPU
		{D05EB9BA-4135-401F-97BA-0CE26471A10A}.Debug|Any CPU.Build.0 = Debug|Any CPU
		{D05EB9BA-4135-401F-97BA-0CE26471A10A}.Release|Any CPU.ActiveCfg = Release|Any CPU
		{D05EB9BA-4135-401F-97BA-0CE26471A10A}.Release|Any CPU.Build.0 = Release|Any CPU
		{1FBB555B-C9AE-4091-ABB9-B5182FAC28F2}.Debug|Any CPU.ActiveCfg = Debug|Any CPU
		{1FBB555B-C9AE-4091-ABB9-B5182FAC28F2}.Debug|Any CPU.Build.0 = Debug|Any CPU
		{1FBB555B-C9AE-4091-ABB9-B5182FAC28F2}.Release|Any CPU.ActiveCfg = Release|Any CPU
		{1FBB555B-C9AE-4091-ABB9-B5182FAC28F2}.Release|Any CPU.Build.0 = Release|Any CPU
		{DFF9AB01-4BEE-4CA1-826C-CC822FCC9BDD}.Debug|Any CPU.ActiveCfg = Debug|Any CPU
		{DFF9AB01-4BEE-4CA1-826C-CC822FCC9BDD}.Debug|Any CPU.Build.0 = Debug|Any CPU
		{DFF9AB01-4BEE-4CA1-826C-CC822FCC9BDD}.Release|Any CPU.ActiveCfg = Release|Any CPU
		{DFF9AB01-4BEE-4CA1-826C-CC822FCC9BDD}.Release|Any CPU.Build.0 = Release|Any CPU
	EndGlobalSection
	GlobalSection(SolutionProperties) = preSolution
		HideSolutionNode = FALSE
	EndGlobalSection
	GlobalSection(ExtensibilityGlobals) = postSolution
		SolutionGuid = {75627949-FD2B-44BB-A3B4-C3BEE457444A}
	EndGlobalSection
EndGlobal
